<Solution>
  <Folder Name="/src/">
    <Project Path="src/FinalTest.Api/FinalTest.Api.csproj" />
  </Folder>
  <Folder Name="/tests/">
    <Project Path="tests/FinalTest.Api.Tests.Unit/FinalTest.Api.Tests.Unit.csproj" />
    <Project Path="tests/FinalTest.Api.Tests.Integration/FinalTest.Api.Tests.Integration.csproj" />
  </Folder>
</Solution>
